Microsoft Visual Studio Solution File, Format Version 12.00
# Visual Studio Version 17
VisualStudioVersion = 17.5.2.0
MinimumVisualStudioVersion = 10.0.40219.1
Project("{FAE04EC0-301F-11D3-BF4B-00C04F79EFBC}") = "DFSchedulePOC", "DFSchedulePOC.csproj", "{AFA8ED58-D7DB-C1CB-4BA0-18887F0B9074}"
EndProject
Global
	GlobalSection(SolutionConfigurationPlatforms) = preSolution
		Debug|Any CPU = Debug|Any CPU
		Release|Any CPU = Release|Any CPU
	EndGlobalSection
	GlobalSection(ProjectConfigurationPlatforms) = postSolution
		{AFA8ED58-D7DB-C1CB-4BA0-18887F0B9074}.Debug|Any CPU.ActiveCfg = Debug|Any CPU
		{AFA8ED58-D7DB-C1CB-4BA0-18887F0B9074}.Debug|Any CPU.Build.0 = Debug|Any CPU
		{AFA8ED58-D7DB-C1CB-4BA0-18887F0B9074}.Release|Any CPU.ActiveCfg = Release|Any CPU
		{AFA8ED58-D7DB-C1CB-4BA0-18887F0B9074}.Release|Any CPU.Build.0 = Release|Any CPU
	EndGlobalSection
	GlobalSection(SolutionProperties) = preSolution
		HideSolutionNode = FALSE
	EndGlobalSection
	GlobalSection(ExtensibilityGlobals) = postSolution
		SolutionGuid = {E52209D4-AE0A-40BF-9F01-7601534ADA34}
	EndGlobalSection
EndGlobal
